
Microsoft Visual Studio Solution File, Format Version 12.00
# Visual Studio Version 17
VisualStudioVersion = 17.1.32328.378
MinimumVisualStudioVersion = 10.0.40219.1
Project("{FAE04EC0-301F-11D3-BF4B-00C04F79EFBC}") = "TestsUnitaires", "TestsUnitaires\TestsUnitaires.csproj", "{8897475E-B4FF-45C4-91D2-29CA603770F4}"
EndProject
Project("{FAE04EC0-301F-11D3-BF4B-00C04F79EFBC}") = "DictionnaireDeTravail", "DictionnaireDeTravail\DictionnaireDeTravail.csproj", "{D6B3BB88-67E1-4CC5-A029-CD2B5FFF25F7}"
EndProject
Project("{FAE04EC0-301F-11D3-BF4B-00C04F79EFBC}") = "ComplementWord", "ComplementWord\ComplementWord.csproj", "{2B33F161-6B4F-4097-8B82-2CA58EFC9CEE}"
EndProject
Project("{FAE04EC0-301F-11D3-BF4B-00C04F79EFBC}") = "ScriptsBaseDeDonnée", "ScriptsSQLite\ScriptsBaseDeDonnée.csproj", "{8581F9E1-94A8-448F-82E9-662105DF5ECF}"
EndProject
Project("{2150E333-8FDC-42A3-9474-1A3956D46DE8}") = "docs", "docs", "{6D6C4EC3-068F-48BB-906A-B18FCDBC0B7D}"
	ProjectSection(SolutionItems) = preProject
		docs\changelog.docx = docs\changelog.docx
		docs\changelog.md = docs\changelog.md
		docs\documentation_utilisateur.docx = docs\documentation_utilisateur.docx
		docs\documentation_utilisateur.md = docs\documentation_utilisateur.md
		docs\index.md = docs\index.md
		docs\manuel_abrege2013_complet_noir_0.pdf = docs\manuel_abrege2013_complet_noir_0.pdf
		docs\_config.yml = docs\_config.yml
	EndProjectSection
EndProject
Global
	GlobalSection(SolutionConfigurationPlatforms) = preSolution
		Debug|Any CPU = Debug|Any CPU
		Debug|x64 = Debug|x64
		Release|Any CPU = Release|Any CPU
		Release|x64 = Release|x64
	EndGlobalSection
	GlobalSection(ProjectConfigurationPlatforms) = postSolution
		{8897475E-B4FF-45C4-91D2-29CA603770F4}.Debug|Any CPU.ActiveCfg = Debug|Any CPU
		{8897475E-B4FF-45C4-91D2-29CA603770F4}.Debug|Any CPU.Build.0 = Debug|Any CPU
		{8897475E-B4FF-45C4-91D2-29CA603770F4}.Debug|x64.ActiveCfg = Debug|Any CPU
		{8897475E-B4FF-45C4-91D2-29CA603770F4}.Debug|x64.Build.0 = Debug|Any CPU
		{8897475E-B4FF-45C4-91D2-29CA603770F4}.Release|Any CPU.ActiveCfg = Release|Any CPU
		{8897475E-B4FF-45C4-91D2-29CA603770F4}.Release|Any CPU.Build.0 = Release|Any CPU
		{8897475E-B4FF-45C4-91D2-29CA603770F4}.Release|x64.ActiveCfg = Release|Any CPU
		{8897475E-B4FF-45C4-91D2-29CA603770F4}.Release|x64.Build.0 = Release|Any CPU
		{D6B3BB88-67E1-4CC5-A029-CD2B5FFF25F7}.Debug|Any CPU.ActiveCfg = Debug|Any CPU
		{D6B3BB88-67E1-4CC5-A029-CD2B5FFF25F7}.Debug|Any CPU.Build.0 = Debug|Any CPU
		{D6B3BB88-67E1-4CC5-A029-CD2B5FFF25F7}.Debug|x64.ActiveCfg = Debug|x64
		{D6B3BB88-67E1-4CC5-A029-CD2B5FFF25F7}.Debug|x64.Build.0 = Debug|x64
		{D6B3BB88-67E1-4CC5-A029-CD2B5FFF25F7}.Release|Any CPU.ActiveCfg = Release|Any CPU
		{D6B3BB88-67E1-4CC5-A029-CD2B5FFF25F7}.Release|Any CPU.Build.0 = Release|Any CPU
		{D6B3BB88-67E1-4CC5-A029-CD2B5FFF25F7}.Release|x64.ActiveCfg = Release|x64
		{D6B3BB88-67E1-4CC5-A029-CD2B5FFF25F7}.Release|x64.Build.0 = Release|x64
		{2B33F161-6B4F-4097-8B82-2CA58EFC9CEE}.Debug|Any CPU.ActiveCfg = Debug|Any CPU
		{2B33F161-6B4F-4097-8B82-2CA58EFC9CEE}.Debug|Any CPU.Build.0 = Debug|Any CPU
		{2B33F161-6B4F-4097-8B82-2CA58EFC9CEE}.Debug|x64.ActiveCfg = Debug|x64
		{2B33F161-6B4F-4097-8B82-2CA58EFC9CEE}.Debug|x64.Build.0 = Debug|x64
		{2B33F161-6B4F-4097-8B82-2CA58EFC9CEE}.Release|Any CPU.ActiveCfg = Release|Any CPU
		{2B33F161-6B4F-4097-8B82-2CA58EFC9CEE}.Release|Any CPU.Build.0 = Release|Any CPU
		{2B33F161-6B4F-4097-8B82-2CA58EFC9CEE}.Release|x64.ActiveCfg = Release|x64
		{2B33F161-6B4F-4097-8B82-2CA58EFC9CEE}.Release|x64.Build.0 = Release|x64
		{8581F9E1-94A8-448F-82E9-662105DF5ECF}.Debug|Any CPU.ActiveCfg = Debug|Any CPU
		{8581F9E1-94A8-448F-82E9-662105DF5ECF}.Debug|Any CPU.Build.0 = Debug|Any CPU
		{8581F9E1-94A8-448F-82E9-662105DF5ECF}.Debug|x64.ActiveCfg = Debug|x64
		{8581F9E1-94A8-448F-82E9-662105DF5ECF}.Debug|x64.Build.0 = Debug|x64
		{8581F9E1-94A8-448F-82E9-662105DF5ECF}.Release|Any CPU.ActiveCfg = Release|Any CPU
		{8581F9E1-94A8-448F-82E9-662105DF5ECF}.Release|Any CPU.Build.0 = Release|Any CPU
		{8581F9E1-94A8-448F-82E9-662105DF5ECF}.Release|x64.ActiveCfg = Release|x64
		{8581F9E1-94A8-448F-82E9-662105DF5ECF}.Release|x64.Build.0 = Release|x64
	EndGlobalSection
	GlobalSection(SolutionProperties) = preSolution
		HideSolutionNode = FALSE
	EndGlobalSection
	GlobalSection(ExtensibilityGlobals) = postSolution
		SolutionGuid = {ACEFE472-3D9B-44B9-9484-B42F54DA6F60}
	EndGlobalSection
EndGlobal
